
Microsoft Visual Studio Solution File, Format Version 12.00
# Visual Studio Version 17
VisualStudioVersion = 17.7.34302.85
MinimumVisualStudioVersion = 10.0.40219.1
Project("{FAE04EC0-301F-11D3-BF4B-00C04F79EFBC}") = "ECommerceShop", "ECommerceShop.csproj", "{905324AE-D152-48C5-A947-8E57A13C70BD}"
EndProject
Global
	GlobalSection(SolutionConfigurationPlatforms) = preSolution
		Debug|Any CPU = Debug|Any CPU
		Release|Any CPU = Release|Any CPU
	EndGlobalSection
	GlobalSection(ProjectConfigurationPlatforms) = postSolution
		{905324AE-D152-48C5-A947-8E57A13C70BD}.Debug|Any CPU.ActiveCfg = Debug|Any CPU
		{905324AE-D152-48C5-A947-8E57A13C70BD}.Debug|Any CPU.Build.0 = Debug|Any CPU
		{905324AE-D152-48C5-A947-8E57A13C70BD}.Release|Any CPU.ActiveCfg = Release|Any CPU
		{905324AE-D152-48C5-A947-8E57A13C70BD}.Release|Any CPU.Build.0 = Release|Any CPU
	EndGlobalSection
	GlobalSection(SolutionProperties) = preSolution
		HideSolutionNode = FALSE
	EndGlobalSection
	GlobalSection(ExtensibilityGlobals) = postSolution
		SolutionGuid = {27FC1D50-7C93-4DE3-90D3-7B930FB3351F}
	EndGlobalSection
EndGlobal
